
Microsoft Visual Studio Solution File, Format Version 12.00
# Visual Studio Version 16
VisualStudioVersion = 16.0.31702.278
MinimumVisualStudioVersion = 10.0.40219.1
Project("{2150E333-8FDC-42A3-9474-1A3956D46DE8}") = "IdentityServer4", "IdentityServer4", "{EF9A404F-7548-447D-A010-9EE84073DBC7}"
EndProject
Project("{9A19103F-16F7-4668-BE54-9A1E7A4F7556}") = "IdentityServer.MvcClient", "IdentityServer4\IdentityServer.MvcClient\IdentityServer.MvcClient.csproj", "{3CA0D6C8-C809-43FC-9859-B7681133624E}"
EndProject
Project("{9A19103F-16F7-4668-BE54-9A1E7A4F7556}") = "IdentityServer.ApiServer.ConsoleClient", "IdentityServer4\IdentityServer.WebApi.ConsoleClient\IdentityServer.ApiServer.ConsoleClient.csproj", "{4A91E620-3EE3-4838-9700-CBE401E3A7FD}"
EndProject
Project("{9A19103F-16F7-4668-BE54-9A1E7A4F7556}") = "IdentityServer.ApiServer.ApiClient", "IdentityServer4\IdentityServer.WebApi.Oauth2Client\IdentityServer.ApiServer.ApiClient.csproj", "{BAEFB3C8-CB74-4DB8-BEF0-685A8BF5CD3B}"
EndProject
Project("{9A19103F-16F7-4668-BE54-9A1E7A4F7556}") = "IdentityServer.ApiServer", "IdentityServer4\IdentityServer.WebApi\IdentityServer.ApiServer.csproj", "{CCD67544-EC70-4435-8072-57FF0321840C}"
EndProject
Project("{9A19103F-16F7-4668-BE54-9A1E7A4F7556}") = "IdentityServer", "IdentityServer4\IdentityServer\IdentityServer.csproj", "{E6DA4483-D6A0-4635-9385-0CF7AC8ED0A3}"
EndProject
Project("{2150E333-8FDC-42A3-9474-1A3956D46DE8}") = "NetDemos", "NetDemos", "{1B627029-EDBD-4D5E-80EA-97A43AE14524}"
EndProject
Project("{9A19103F-16F7-4668-BE54-9A1E7A4F7556}") = "NetStd1Lib", "NetDemos\NetStd1Lib\NetStd1Lib.csproj", "{57E541E2-7C1D-482E-B343-6CF271BF2C28}"
EndProject
Project("{9A19103F-16F7-4668-BE54-9A1E7A4F7556}") = "NetStd2Lib", "NetDemos\NetStd2Lib\NetStd2Lib.csproj", "{21910DC7-6D28-4812-91A3-4548AF44138C}"
EndProject
Project("{FAE04EC0-301F-11D3-BF4B-00C04F79EFBC}") = "NetFwk45Api", "NetDemos\NetFwk45Api\NetFwk45Api.csproj", "{9E579F0A-F428-42EB-B3E4-5230706D62CE}"
EndProject
Project("{FAE04EC0-301F-11D3-BF4B-00C04F79EFBC}") = "NetFwk461Api", "NetDemos\NetFwk461Api\NetFwk461Api.csproj", "{03C6D69D-EB7D-4DD6-9608-50DC3F430BF9}"
EndProject
Project("{9A19103F-16F7-4668-BE54-9A1E7A4F7556}") = "NetCore31Lib", "NetDemos\NetCore31Lib\NetCore31Lib.csproj", "{3CE09079-063C-4937-AB57-0EDC624CBFE9}"
EndProject
Project("{9A19103F-16F7-4668-BE54-9A1E7A4F7556}") = "NetCore31Api", "NetDemos\NetCore31Api\NetCore31Api.csproj", "{C145349D-1986-4C6C-9881-C0F149F10C4C}"
EndProject
Project("{9A19103F-16F7-4668-BE54-9A1E7A4F7556}") = "NetCore21Lib", "NetDemos\NetCore21Lib\NetCore21Lib.csproj", "{521A2720-4000-4E32-B1B8-7EC29C4D7BB4}"
EndProject
Project("{9A19103F-16F7-4668-BE54-9A1E7A4F7556}") = "NetCore21Api", "NetDemos\NetCore21Api\NetCore21Api.csproj", "{8F2488D9-7273-4642-9666-F804085EB2BF}"
EndProject
Project("{9A19103F-16F7-4668-BE54-9A1E7A4F7556}") = "Net5Lib", "NetDemos\Net5Lib\Net5Lib.csproj", "{9BDF489C-2BD8-4E0A-A274-70873544C3FB}"
EndProject
Project("{9A19103F-16F7-4668-BE54-9A1E7A4F7556}") = "Net5Console", "NetDemos\Net5Console\Net5Console.csproj", "{0A7B8D3F-8659-42A6-87C6-DEE0BC86D572}"
EndProject
Project("{9A19103F-16F7-4668-BE54-9A1E7A4F7556}") = "Net5Api", "NetDemos\Net5Api\Net5Api.csproj", "{CC0619E2-DA80-4B8D-85AF-E8EFE8DE5A0D}"
EndProject
Global
	GlobalSection(SolutionConfigurationPlatforms) = preSolution
		Debug|Any CPU = Debug|Any CPU
		Release|Any CPU = Release|Any CPU
	EndGlobalSection
	GlobalSection(ProjectConfigurationPlatforms) = postSolution
		{3CA0D6C8-C809-43FC-9859-B7681133624E}.Debug|Any CPU.ActiveCfg = Debug|Any CPU
		{3CA0D6C8-C809-43FC-9859-B7681133624E}.Debug|Any CPU.Build.0 = Debug|Any CPU
		{3CA0D6C8-C809-43FC-9859-B7681133624E}.Release|Any CPU.ActiveCfg = Release|Any CPU
		{3CA0D6C8-C809-43FC-9859-B7681133624E}.Release|Any CPU.Build.0 = Release|Any CPU
		{4A91E620-3EE3-4838-9700-CBE401E3A7FD}.Debug|Any CPU.ActiveCfg = Debug|Any CPU
		{4A91E620-3EE3-4838-9700-CBE401E3A7FD}.Debug|Any CPU.Build.0 = Debug|Any CPU
		{4A91E620-3EE3-4838-9700-CBE401E3A7FD}.Release|Any CPU.ActiveCfg = Release|Any CPU
		{4A91E620-3EE3-4838-9700-CBE401E3A7FD}.Release|Any CPU.Build.0 = Release|Any CPU
		{BAEFB3C8-CB74-4DB8-BEF0-685A8BF5CD3B}.Debug|Any CPU.ActiveCfg = Debug|Any CPU
		{BAEFB3C8-CB74-4DB8-BEF0-685A8BF5CD3B}.Debug|Any CPU.Build.0 = Debug|Any CPU
		{BAEFB3C8-CB74-4DB8-BEF0-685A8BF5CD3B}.Release|Any CPU.ActiveCfg = Release|Any CPU
		{BAEFB3C8-CB74-4DB8-BEF0-685A8BF5CD3B}.Release|Any CPU.Build.0 = Release|Any CPU
		{CCD67544-EC70-4435-8072-57FF0321840C}.Debug|Any CPU.ActiveCfg = Debug|Any CPU
		{CCD67544-EC70-4435-8072-57FF0321840C}.Debug|Any CPU.Build.0 = Debug|Any CPU
		{CCD67544-EC70-4435-8072-57FF0321840C}.Release|Any CPU.ActiveCfg = Release|Any CPU
		{CCD67544-EC70-4435-8072-57FF0321840C}.Release|Any CPU.Build.0 = Release|Any CPU
		{E6DA4483-D6A0-4635-9385-0CF7AC8ED0A3}.Debug|Any CPU.ActiveCfg = Debug|Any CPU
		{E6DA4483-D6A0-4635-9385-0CF7AC8ED0A3}.Debug|Any CPU.Build.0 = Debug|Any CPU
		{E6DA4483-D6A0-4635-9385-0CF7AC8ED0A3}.Release|Any CPU.ActiveCfg = Release|Any CPU
		{E6DA4483-D6A0-4635-9385-0CF7AC8ED0A3}.Release|Any CPU.Build.0 = Release|Any CPU
		{57E541E2-7C1D-482E-B343-6CF271BF2C28}.Debug|Any CPU.ActiveCfg = Debug|Any CPU
		{57E541E2-7C1D-482E-B343-6CF271BF2C28}.Debug|Any CPU.Build.0 = Debug|Any CPU
		{57E541E2-7C1D-482E-B343-6CF271BF2C28}.Release|Any CPU.ActiveCfg = Release|Any CPU
		{57E541E2-7C1D-482E-B343-6CF271BF2C28}.Release|Any CPU.Build.0 = Release|Any CPU
		{21910DC7-6D28-4812-91A3-4548AF44138C}.Debug|Any CPU.ActiveCfg = Debug|Any CPU
		{21910DC7-6D28-4812-91A3-4548AF44138C}.Debug|Any CPU.Build.0 = Debug|Any CPU
		{21910DC7-6D28-4812-91A3-4548AF44138C}.Release|Any CPU.ActiveCfg = Release|Any CPU
		{21910DC7-6D28-4812-91A3-4548AF44138C}.Release|Any CPU.Build.0 = Release|Any CPU
		{9E579F0A-F428-42EB-B3E4-5230706D62CE}.Debug|Any CPU.ActiveCfg = Debug|Any CPU
		{9E579F0A-F428-42EB-B3E4-5230706D62CE}.Debug|Any CPU.Build.0 = Debug|Any CPU
		{9E579F0A-F428-42EB-B3E4-5230706D62CE}.Release|Any CPU.ActiveCfg = Release|Any CPU
		{9E579F0A-F428-42EB-B3E4-5230706D62CE}.Release|Any CPU.Build.0 = Release|Any CPU
		{03C6D69D-EB7D-4DD6-9608-50DC3F430BF9}.Debug|Any CPU.ActiveCfg = Debug|Any CPU
		{03C6D69D-EB7D-4DD6-9608-50DC3F430BF9}.Debug|Any CPU.Build.0 = Debug|Any CPU
		{03C6D69D-EB7D-4DD6-9608-50DC3F430BF9}.Release|Any CPU.ActiveCfg = Release|Any CPU
		{03C6D69D-EB7D-4DD6-9608-50DC3F430BF9}.Release|Any CPU.Build.0 = Release|Any CPU
		{3CE09079-063C-4937-AB57-0EDC624CBFE9}.Debug|Any CPU.ActiveCfg = Debug|Any CPU
		{3CE09079-063C-4937-AB57-0EDC624CBFE9}.Debug|Any CPU.Build.0 = Debug|Any CPU
		{3CE09079-063C-4937-AB57-0EDC624CBFE9}.Release|Any CPU.ActiveCfg = Release|Any CPU
		{3CE09079-063C-4937-AB57-0EDC624CBFE9}.Release|Any CPU.Build.0 = Release|Any CPU
		{C145349D-1986-4C6C-9881-C0F149F10C4C}.Debug|Any CPU.ActiveCfg = Debug|Any CPU
		{C145349D-1986-4C6C-9881-C0F149F10C4C}.Debug|Any CPU.Build.0 = Debug|Any CPU
		{C145349D-1986-4C6C-9881-C0F149F10C4C}.Release|Any CPU.ActiveCfg = Release|Any CPU
		{C145349D-1986-4C6C-9881-C0F149F10C4C}.Release|Any CPU.Build.0 = Release|Any CPU
		{521A2720-4000-4E32-B1B8-7EC29C4D7BB4}.Debug|Any CPU.ActiveCfg = Debug|Any CPU
		{521A2720-4000-4E32-B1B8-7EC29C4D7BB4}.Debug|Any CPU.Build.0 = Debug|Any CPU
		{521A2720-4000-4E32-B1B8-7EC29C4D7BB4}.Release|Any CPU.ActiveCfg = Release|Any CPU
		{521A2720-4000-4E32-B1B8-7EC29C4D7BB4}.Release|Any CPU.Build.0 = Release|Any CPU
		{8F2488D9-7273-4642-9666-F804085EB2BF}.Debug|Any CPU.ActiveCfg = Debug|Any CPU
		{8F2488D9-7273-4642-9666-F804085EB2BF}.Debug|Any CPU.Build.0 = Debug|Any CPU
		{8F2488D9-7273-4642-9666-F804085EB2BF}.Release|Any CPU.ActiveCfg = Release|Any CPU
		{8F2488D9-7273-4642-9666-F804085EB2BF}.Release|Any CPU.Build.0 = Release|Any CPU
		{9BDF489C-2BD8-4E0A-A274-70873544C3FB}.Debug|Any CPU.ActiveCfg = Debug|Any CPU
		{9BDF489C-2BD8-4E0A-A274-70873544C3FB}.Debug|Any CPU.Build.0 = Debug|Any CPU
		{9BDF489C-2BD8-4E0A-A274-70873544C3FB}.Release|Any CPU.ActiveCfg = Release|Any CPU
		{9BDF489C-2BD8-4E0A-A274-70873544C3FB}.Release|Any CPU.Build.0 = Release|Any CPU
		{0A7B8D3F-8659-42A6-87C6-DEE0BC86D572}.Debug|Any CPU.ActiveCfg = Debug|Any CPU
		{0A7B8D3F-8659-42A6-87C6-DEE0BC86D572}.Debug|Any CPU.Build.0 = Debug|Any CPU
		{0A7B8D3F-8659-42A6-87C6-DEE0BC86D572}.Release|Any CPU.ActiveCfg = Release|Any CPU
		{0A7B8D3F-8659-42A6-87C6-DEE0BC86D572}.Release|Any CPU.Build.0 = Release|Any CPU
		{CC0619E2-DA80-4B8D-85AF-E8EFE8DE5A0D}.Debug|Any CPU.ActiveCfg = Debug|Any CPU
		{CC0619E2-DA80-4B8D-85AF-E8EFE8DE5A0D}.Debug|Any CPU.Build.0 = Debug|Any CPU
		{CC0619E2-DA80-4B8D-85AF-E8EFE8DE5A0D}.Release|Any CPU.ActiveCfg = Release|Any CPU
		{CC0619E2-DA80-4B8D-85AF-E8EFE8DE5A0D}.Release|Any CPU.Build.0 = Release|Any CPU
	EndGlobalSection
	GlobalSection(SolutionProperties) = preSolution
		HideSolutionNode = FALSE
	EndGlobalSection
	GlobalSection(NestedProjects) = preSolution
		{3CA0D6C8-C809-43FC-9859-B7681133624E} = {EF9A404F-7548-447D-A010-9EE84073DBC7}
		{4A91E620-3EE3-4838-9700-CBE401E3A7FD} = {EF9A404F-7548-447D-A010-9EE84073DBC7}
		{BAEFB3C8-CB74-4DB8-BEF0-685A8BF5CD3B} = {EF9A404F-7548-447D-A010-9EE84073DBC7}
		{CCD67544-EC70-4435-8072-57FF0321840C} = {EF9A404F-7548-447D-A010-9EE84073DBC7}
		{E6DA4483-D6A0-4635-9385-0CF7AC8ED0A3} = {EF9A404F-7548-447D-A010-9EE84073DBC7}
		{57E541E2-7C1D-482E-B343-6CF271BF2C28} = {1B627029-EDBD-4D5E-80EA-97A43AE14524}
		{21910DC7-6D28-4812-91A3-4548AF44138C} = {1B627029-EDBD-4D5E-80EA-97A43AE14524}
		{9E579F0A-F428-42EB-B3E4-5230706D62CE} = {1B627029-EDBD-4D5E-80EA-97A43AE14524}
		{03C6D69D-EB7D-4DD6-9608-50DC3F430BF9} = {1B627029-EDBD-4D5E-80EA-97A43AE14524}
		{3CE09079-063C-4937-AB57-0EDC624CBFE9} = {1B627029-EDBD-4D5E-80EA-97A43AE14524}
		{C145349D-1986-4C6C-9881-C0F149F10C4C} = {1B627029-EDBD-4D5E-80EA-97A43AE14524}
		{521A2720-4000-4E32-B1B8-7EC29C4D7BB4} = {1B627029-EDBD-4D5E-80EA-97A43AE14524}
		{8F2488D9-7273-4642-9666-F804085EB2BF} = {1B627029-EDBD-4D5E-80EA-97A43AE14524}
		{9BDF489C-2BD8-4E0A-A274-70873544C3FB} = {1B627029-EDBD-4D5E-80EA-97A43AE14524}
		{0A7B8D3F-8659-42A6-87C6-DEE0BC86D572} = {1B627029-EDBD-4D5E-80EA-97A43AE14524}
		{CC0619E2-DA80-4B8D-85AF-E8EFE8DE5A0D} = {1B627029-EDBD-4D5E-80EA-97A43AE14524}
	EndGlobalSection
	GlobalSection(ExtensibilityGlobals) = postSolution
		SolutionGuid = {CBE5B61E-5BA6-4837-BD36-9BF0E8190F7F}
	EndGlobalSection
EndGlobal
