
Microsoft Visual Studio Solution File, Format Version 12.00
# Visual Studio Version 16
VisualStudioVersion = 16.0.31410.357
MinimumVisualStudioVersion = 10.0.40219.1
Project("{9A19103F-16F7-4668-BE54-9A1E7A4F7556}") = "CookieAuthDemo", "CookieAuthDemo\CookieAuthDemo.csproj", "{1123538F-5FB9-4085-A7A6-48DE99AC62AE}"
EndProject
Global
	GlobalSection(SolutionConfigurationPlatforms) = preSolution
		Debug|Any CPU = Debug|Any CPU
		Release|Any CPU = Release|Any CPU
	EndGlobalSection
	GlobalSection(ProjectConfigurationPlatforms) = postSolution
		{1123538F-5FB9-4085-A7A6-48DE99AC62AE}.Debug|Any CPU.ActiveCfg = Debug|Any CPU
		{1123538F-5FB9-4085-A7A6-48DE99AC62AE}.Debug|Any CPU.Build.0 = Debug|Any CPU
		{1123538F-5FB9-4085-A7A6-48DE99AC62AE}.Release|Any CPU.ActiveCfg = Release|Any CPU
		{1123538F-5FB9-4085-A7A6-48DE99AC62AE}.Release|Any CPU.Build.0 = Release|Any CPU
	EndGlobalSection
	GlobalSection(SolutionProperties) = preSolution
		HideSolutionNode = FALSE
	EndGlobalSection
	GlobalSection(ExtensibilityGlobals) = postSolution
		SolutionGuid = {3837C850-9E84-4D39-85F4-FA41BC0DCD98}
	EndGlobalSection
EndGlobal
