
Microsoft Visual Studio Solution File, Format Version 12.00
# Visual Studio Version 16
VisualStudioVersion = 16.0.29509.3
MinimumVisualStudioVersion = 10.0.40219.1
Project("{9A19103F-16F7-4668-BE54-9A1E7A4F7556}") = "PluginCore", "PluginCore\PluginCore.csproj", "{9CA6BBD0-C526-417E-839B-6826C50B7E74}"
EndProject
Project("{2150E333-8FDC-42A3-9474-1A3956D46DE8}") = "Document", "Document", "{B506440C-CCF7-45C5-A250-FDBA118E970B}"
	ProjectSection(SolutionItems) = preProject
		README.md = README.md
	EndProjectSection
EndProject
Project("{9A19103F-16F7-4668-BE54-9A1E7A4F7556}") = "ApiServer", "ApiServer\ApiServer.csproj", "{F47B9FAE-AAC5-44F2-B59F-A27574EAE5CE}"
EndProject
Project("{FAE04EC0-301F-11D3-BF4B-00C04F79EFBC}") = "ApiServer.AspNetCore.Mvc", "WS.AspNetCore.Mvc\ApiServer.AspNetCore.Mvc.csproj", "{52DE77A5-98E9-4A5C-9C3E-935076839121}"
EndProject
Global
	GlobalSection(SolutionConfigurationPlatforms) = preSolution
		Debug|Any CPU = Debug|Any CPU
		Release|Any CPU = Release|Any CPU
	EndGlobalSection
	GlobalSection(ProjectConfigurationPlatforms) = postSolution
		{9CA6BBD0-C526-417E-839B-6826C50B7E74}.Debug|Any CPU.ActiveCfg = Debug|Any CPU
		{9CA6BBD0-C526-417E-839B-6826C50B7E74}.Debug|Any CPU.Build.0 = Debug|Any CPU
		{9CA6BBD0-C526-417E-839B-6826C50B7E74}.Release|Any CPU.ActiveCfg = Release|Any CPU
		{9CA6BBD0-C526-417E-839B-6826C50B7E74}.Release|Any CPU.Build.0 = Release|Any CPU
		{F47B9FAE-AAC5-44F2-B59F-A27574EAE5CE}.Debug|Any CPU.ActiveCfg = Debug|Any CPU
		{F47B9FAE-AAC5-44F2-B59F-A27574EAE5CE}.Debug|Any CPU.Build.0 = Debug|Any CPU
		{F47B9FAE-AAC5-44F2-B59F-A27574EAE5CE}.Release|Any CPU.ActiveCfg = Release|Any CPU
		{F47B9FAE-AAC5-44F2-B59F-A27574EAE5CE}.Release|Any CPU.Build.0 = Release|Any CPU
		{52DE77A5-98E9-4A5C-9C3E-935076839121}.Debug|Any CPU.ActiveCfg = Debug|Any CPU
		{52DE77A5-98E9-4A5C-9C3E-935076839121}.Debug|Any CPU.Build.0 = Debug|Any CPU
		{52DE77A5-98E9-4A5C-9C3E-935076839121}.Release|Any CPU.ActiveCfg = Release|Any CPU
		{52DE77A5-98E9-4A5C-9C3E-935076839121}.Release|Any CPU.Build.0 = Release|Any CPU
	EndGlobalSection
	GlobalSection(SolutionProperties) = preSolution
		HideSolutionNode = FALSE
	EndGlobalSection
	GlobalSection(ExtensibilityGlobals) = postSolution
		SolutionGuid = {B8194591-82CB-47B7-B01B-FA13CFBC7E71}
	EndGlobalSection
EndGlobal
