
Microsoft Visual Studio Solution File, Format Version 12.00
# Visual Studio Version 16
VisualStudioVersion = 16.0.29509.3
MinimumVisualStudioVersion = 10.0.40219.1
Project("{FAE04EC0-301F-11D3-BF4B-00C04F79EFBC}") = "AnimatedGifDemo", "AnimatedGifDemo\AnimatedGifDemo.csproj", "{FCE0816A-1D8E-4476-A51C-71D3F360818E}"
EndProject
Global
	GlobalSection(SolutionConfigurationPlatforms) = preSolution
		Debug|Any CPU = Debug|Any CPU
		Release|Any CPU = Release|Any CPU
	EndGlobalSection
	GlobalSection(ProjectConfigurationPlatforms) = postSolution
		{FCE0816A-1D8E-4476-A51C-71D3F360818E}.Debug|Any CPU.ActiveCfg = Debug|Any CPU
		{FCE0816A-1D8E-4476-A51C-71D3F360818E}.Debug|Any CPU.Build.0 = Debug|Any CPU
		{FCE0816A-1D8E-4476-A51C-71D3F360818E}.Release|Any CPU.ActiveCfg = Release|Any CPU
		{FCE0816A-1D8E-4476-A51C-71D3F360818E}.Release|Any CPU.Build.0 = Release|Any CPU
	EndGlobalSection
	GlobalSection(SolutionProperties) = preSolution
		HideSolutionNode = FALSE
	EndGlobalSection
	GlobalSection(ExtensibilityGlobals) = postSolution
		SolutionGuid = {785D97CB-ECCE-412F-957B-FD991BDD16DF}
	EndGlobalSection
EndGlobal
