
Microsoft Visual Studio Solution File, Format Version 12.00
# Visual Studio Version 16
VisualStudioVersion = 16.0.31402.337
MinimumVisualStudioVersion = 10.0.40219.1
Project("{FAE04EC0-301F-11D3-BF4B-00C04F79EFBC}") = "GraphQLDemo", "GraphQLDemo\GraphQLDemo.csproj", "{F2DCF07E-AB1F-4ED1-8A05-E1840CA67C21}"
EndProject
Project("{FAE04EC0-301F-11D3-BF4B-00C04F79EFBC}") = "GraphQLApiDemo", "GraphQLApiDemo\GraphQLApiDemo.csproj", "{7C490B0E-230D-4B7E-91CF-F5399C5F8DAF}"
EndProject
Global
	GlobalSection(SolutionConfigurationPlatforms) = preSolution
		Debug|Any CPU = Debug|Any CPU
		Release|Any CPU = Release|Any CPU
	EndGlobalSection
	GlobalSection(ProjectConfigurationPlatforms) = postSolution
		{F2DCF07E-AB1F-4ED1-8A05-E1840CA67C21}.Debug|Any CPU.ActiveCfg = Debug|Any CPU
		{F2DCF07E-AB1F-4ED1-8A05-E1840CA67C21}.Debug|Any CPU.Build.0 = Debug|Any CPU
		{F2DCF07E-AB1F-4ED1-8A05-E1840CA67C21}.Release|Any CPU.ActiveCfg = Release|Any CPU
		{F2DCF07E-AB1F-4ED1-8A05-E1840CA67C21}.Release|Any CPU.Build.0 = Release|Any CPU
		{7C490B0E-230D-4B7E-91CF-F5399C5F8DAF}.Debug|Any CPU.ActiveCfg = Debug|Any CPU
		{7C490B0E-230D-4B7E-91CF-F5399C5F8DAF}.Debug|Any CPU.Build.0 = Debug|Any CPU
		{7C490B0E-230D-4B7E-91CF-F5399C5F8DAF}.Release|Any CPU.ActiveCfg = Release|Any CPU
		{7C490B0E-230D-4B7E-91CF-F5399C5F8DAF}.Release|Any CPU.Build.0 = Release|Any CPU
	EndGlobalSection
	GlobalSection(SolutionProperties) = preSolution
		HideSolutionNode = FALSE
	EndGlobalSection
	GlobalSection(ExtensibilityGlobals) = postSolution
		SolutionGuid = {C6F40138-035D-4E69-808F-1887EE086D38}
	EndGlobalSection
EndGlobal
