
Microsoft Visual Studio Solution File, Format Version 12.00
# Visual Studio Version 16
VisualStudioVersion = 16.0.29519.87
MinimumVisualStudioVersion = 10.0.40219.1
Project("{FAE04EC0-301F-11D3-BF4B-00C04F79EFBC}") = "FileToolsDemo", "FileToolsDemo\FileToolsDemo.csproj", "{02B7B40D-44C8-4E05-8112-0BF9DC5B9404}"
EndProject
Global
	GlobalSection(SolutionConfigurationPlatforms) = preSolution
		Debug|Any CPU = Debug|Any CPU
		Release|Any CPU = Release|Any CPU
	EndGlobalSection
	GlobalSection(ProjectConfigurationPlatforms) = postSolution
		{02B7B40D-44C8-4E05-8112-0BF9DC5B9404}.Debug|Any CPU.ActiveCfg = Debug|Any CPU
		{02B7B40D-44C8-4E05-8112-0BF9DC5B9404}.Debug|Any CPU.Build.0 = Debug|Any CPU
		{02B7B40D-44C8-4E05-8112-0BF9DC5B9404}.Release|Any CPU.ActiveCfg = Release|Any CPU
		{02B7B40D-44C8-4E05-8112-0BF9DC5B9404}.Release|Any CPU.Build.0 = Release|Any CPU
	EndGlobalSection
	GlobalSection(SolutionProperties) = preSolution
		HideSolutionNode = FALSE
	EndGlobalSection
	GlobalSection(ExtensibilityGlobals) = postSolution
		SolutionGuid = {B96788A3-5190-4372-8FE5-EC6030E50CB1}
	EndGlobalSection
EndGlobal
